
Microsoft Visual Studio Solution File, Format Version 12.00
# Visual Studio Version 17
VisualStudioVersion = 17.11.35431.28
MinimumVisualStudioVersion = 10.0.40219.1
Project("{FAE04EC0-301F-11D3-BF4B-00C04F79EFBC}") = "Servicio", "Servicio\Servicio.csproj", "{270FB95C-026B-4A66-BA7C-A3C4F3F5C29A}"
EndProject
Project("{FAE04EC0-301F-11D3-BF4B-00C04F79EFBC}") = "Cliente", "Cliente\Cliente.csproj", "{348CFA20-7942-40FB-A10F-E79CF9635B51}"
EndProject
Global
	GlobalSection(SolutionConfigurationPlatforms) = preSolution
		Debug|Any CPU = Debug|Any CPU
		Release|Any CPU = Release|Any CPU
	EndGlobalSection
	GlobalSection(ProjectConfigurationPlatforms) = postSolution
		{270FB95C-026B-4A66-BA7C-A3C4F3F5C29A}.Debug|Any CPU.ActiveCfg = Debug|Any CPU
		{270FB95C-026B-4A66-BA7C-A3C4F3F5C29A}.Debug|Any CPU.Build.0 = Debug|Any CPU
		{270FB95C-026B-4A66-BA7C-A3C4F3F5C29A}.Release|Any CPU.ActiveCfg = Release|Any CPU
		{270FB95C-026B-4A66-BA7C-A3C4F3F5C29A}.Release|Any CPU.Build.0 = Release|Any CPU
		{348CFA20-7942-40FB-A10F-E79CF9635B51}.Debug|Any CPU.ActiveCfg = Debug|Any CPU
		{348CFA20-7942-40FB-A10F-E79CF9635B51}.Debug|Any CPU.Build.0 = Debug|Any CPU
		{348CFA20-7942-40FB-A10F-E79CF9635B51}.Release|Any CPU.ActiveCfg = Release|Any CPU
		{348CFA20-7942-40FB-A10F-E79CF9635B51}.Release|Any CPU.Build.0 = Release|Any CPU
	EndGlobalSection
	GlobalSection(SolutionProperties) = preSolution
		HideSolutionNode = FALSE
	EndGlobalSection
	GlobalSection(ExtensibilityGlobals) = postSolution
		SolutionGuid = {E504B802-61AD-49D2-9E76-77F038147B50}
	EndGlobalSection
EndGlobal
