
Microsoft Visual Studio Solution File, Format Version 12.00
# Visual Studio Version 17
VisualStudioVersion = 17.11.35431.28
MinimumVisualStudioVersion = 10.0.40219.1
Project("{9A19103F-16F7-4668-BE54-9A1E7A4F7556}") = "WebApplicationEjemplo", "WebApplicationEjemplo\WebApplicationEjemplo.csproj", "{F5BE1AE3-856E-42A6-9F02-1ABBDB1960C2}"
EndProject
Project("{FAE04EC0-301F-11D3-BF4B-00C04F79EFBC}") = "WebApplication.Area", "WebApplication_Area\WebApplication_Area.csproj", "{C747E823-ED38-4D9A-9EF4-5009F4916DE0}"
EndProject
Global
	GlobalSection(SolutionConfigurationPlatforms) = preSolution
		Debug|Any CPU = Debug|Any CPU
		Release|Any CPU = Release|Any CPU
	EndGlobalSection
	GlobalSection(ProjectConfigurationPlatforms) = postSolution
		{F5BE1AE3-856E-42A6-9F02-1ABBDB1960C2}.Debug|Any CPU.ActiveCfg = Debug|Any CPU
		{F5BE1AE3-856E-42A6-9F02-1ABBDB1960C2}.Debug|Any CPU.Build.0 = Debug|Any CPU
		{F5BE1AE3-856E-42A6-9F02-1ABBDB1960C2}.Release|Any CPU.ActiveCfg = Release|Any CPU
		{F5BE1AE3-856E-42A6-9F02-1ABBDB1960C2}.Release|Any CPU.Build.0 = Release|Any CPU
		{C747E823-ED38-4D9A-9EF4-5009F4916DE0}.Debug|Any CPU.ActiveCfg = Debug|Any CPU
		{C747E823-ED38-4D9A-9EF4-5009F4916DE0}.Debug|Any CPU.Build.0 = Debug|Any CPU
		{C747E823-ED38-4D9A-9EF4-5009F4916DE0}.Release|Any CPU.ActiveCfg = Release|Any CPU
		{C747E823-ED38-4D9A-9EF4-5009F4916DE0}.Release|Any CPU.Build.0 = Release|Any CPU
	EndGlobalSection
	GlobalSection(SolutionProperties) = preSolution
		HideSolutionNode = FALSE
	EndGlobalSection
	GlobalSection(ExtensibilityGlobals) = postSolution
		SolutionGuid = {75223025-69EA-4A28-B828-09434C83A994}
	EndGlobalSection
EndGlobal
